
Microsoft Visual Studio Solution File, Format Version 10.00
# Visual Studio 2008
Project("{8BC9CEB8-8B4A-11D0-8D11-00A0C91BC942}") = "c++_primer_3rd_p371_overload", "c++_primer_3rd_p371_overload\c++_primer_3rd_p371_overload.vcproj", "{361B653D-614D-46CB-B5A0-BC8FE06F571E}"
EndProject
Global
	GlobalSection(SolutionConfigurationPlatforms) = preSolution
		Debug|Win32 = Debug|Win32
		Release|Win32 = Release|Win32
	EndGlobalSection
	GlobalSection(ProjectConfigurationPlatforms) = postSolution
		{361B653D-614D-46CB-B5A0-BC8FE06F571E}.Debug|Win32.ActiveCfg = Debug|Win32
		{361B653D-614D-46CB-B5A0-BC8FE06F571E}.Debug|Win32.Build.0 = Debug|Win32
		{361B653D-614D-46CB-B5A0-BC8FE06F571E}.Release|Win32.ActiveCfg = Release|Win32
		{361B653D-614D-46CB-B5A0-BC8FE06F571E}.Release|Win32.Build.0 = Release|Win32
	EndGlobalSection
	GlobalSection(SolutionProperties) = preSolution
		HideSolutionNode = FALSE
	EndGlobalSection
EndGlobal
