
Microsoft Visual Studio Solution File, Format Version 10.00
# Visual Studio 2008
Project("{8BC9CEB8-8B4A-11D0-8D11-00A0C91BC942}") = "HandsOnLab", "HandsOnLab.vcproj", "{278F0E88-6143-4C81-9400-7DD14C9ABDE6}"
EndProject
Global
	GlobalSection(SolutionConfigurationPlatforms) = preSolution
		Debug|Win32 = Debug|Win32
		Release|Win32 = Release|Win32
	EndGlobalSection
	GlobalSection(ProjectConfigurationPlatforms) = postSolution
		{278F0E88-6143-4C81-9400-7DD14C9ABDE6}.Debug|Win32.ActiveCfg = Debug|Win32
		{278F0E88-6143-4C81-9400-7DD14C9ABDE6}.Debug|Win32.Build.0 = Debug|Win32
		{278F0E88-6143-4C81-9400-7DD14C9ABDE6}.Release|Win32.ActiveCfg = Release|Win32
		{278F0E88-6143-4C81-9400-7DD14C9ABDE6}.Release|Win32.Build.0 = Release|Win32
	EndGlobalSection
	GlobalSection(SolutionProperties) = preSolution
		HideSolutionNode = FALSE
	EndGlobalSection
EndGlobal
