
Microsoft Visual Studio Solution File, Format Version 10.00
# Visual Studio 2008
Project("{8BC9CEB8-8B4A-11D0-8D11-00A0C91BC942}") = "bitwise_and", "bitwise_and\bitwise_and.vcproj", "{AF06D424-6CFC-4889-A1A3-248D5A51B7B0}"
EndProject
Global
	GlobalSection(SolutionConfigurationPlatforms) = preSolution
		Debug|Win32 = Debug|Win32
		Release|Win32 = Release|Win32
	EndGlobalSection
	GlobalSection(ProjectConfigurationPlatforms) = postSolution
		{AF06D424-6CFC-4889-A1A3-248D5A51B7B0}.Debug|Win32.ActiveCfg = Debug|Win32
		{AF06D424-6CFC-4889-A1A3-248D5A51B7B0}.Debug|Win32.Build.0 = Debug|Win32
		{AF06D424-6CFC-4889-A1A3-248D5A51B7B0}.Release|Win32.ActiveCfg = Release|Win32
		{AF06D424-6CFC-4889-A1A3-248D5A51B7B0}.Release|Win32.Build.0 = Release|Win32
	EndGlobalSection
	GlobalSection(SolutionProperties) = preSolution
		HideSolutionNode = FALSE
	EndGlobalSection
EndGlobal
