
Microsoft Visual Studio Solution File, Format Version 10.00
# Visual Studio 2008
Project("{8BC9CEB8-8B4A-11D0-8D11-00A0C91BC942}") = "BTree", "BTree.vcproj", "{8122DE2B-C3E1-4C8C-A0F0-F5C4E7F3F10D}"
EndProject
Global
	GlobalSection(SolutionConfigurationPlatforms) = preSolution
		Debug|Win32 = Debug|Win32
		Release|Win32 = Release|Win32
	EndGlobalSection
	GlobalSection(ProjectConfigurationPlatforms) = postSolution
		{8122DE2B-C3E1-4C8C-A0F0-F5C4E7F3F10D}.Debug|Win32.ActiveCfg = Debug|Win32
		{8122DE2B-C3E1-4C8C-A0F0-F5C4E7F3F10D}.Debug|Win32.Build.0 = Debug|Win32
		{8122DE2B-C3E1-4C8C-A0F0-F5C4E7F3F10D}.Release|Win32.ActiveCfg = Release|Win32
		{8122DE2B-C3E1-4C8C-A0F0-F5C4E7F3F10D}.Release|Win32.Build.0 = Release|Win32
	EndGlobalSection
	GlobalSection(SolutionProperties) = preSolution
		HideSolutionNode = FALSE
	EndGlobalSection
EndGlobal
