
Microsoft Visual Studio Solution File, Format Version 10.00
# Visual Studio 2008
Project("{8BC9CEB8-8B4A-11D0-8D11-00A0C91BC942}") = "testIOStream", "testIOStream.vcproj", "{7B4B7D40-7456-4CC4-9105-17939CA491BE}"
EndProject
Global
	GlobalSection(SolutionConfigurationPlatforms) = preSolution
		Debug|Win32 = Debug|Win32
		Release|Win32 = Release|Win32
	EndGlobalSection
	GlobalSection(ProjectConfigurationPlatforms) = postSolution
		{7B4B7D40-7456-4CC4-9105-17939CA491BE}.Debug|Win32.ActiveCfg = Debug|Win32
		{7B4B7D40-7456-4CC4-9105-17939CA491BE}.Debug|Win32.Build.0 = Debug|Win32
		{7B4B7D40-7456-4CC4-9105-17939CA491BE}.Release|Win32.ActiveCfg = Release|Win32
		{7B4B7D40-7456-4CC4-9105-17939CA491BE}.Release|Win32.Build.0 = Release|Win32
	EndGlobalSection
	GlobalSection(SolutionProperties) = preSolution
		HideSolutionNode = FALSE
	EndGlobalSection
EndGlobal
