
Microsoft Visual Studio Solution File, Format Version 10.00
# Visual Studio 2008
Project("{8BC9CEB8-8B4A-11D0-8D11-00A0C91BC942}") = "SehDemo", "SehDemo.vcproj", "{B6C54133-E4B7-4521-AE2A-71E316C35BF5}"
EndProject
Global
	GlobalSection(SolutionConfigurationPlatforms) = preSolution
		Debug UNICODE|Win32 = Debug UNICODE|Win32
		Debug|Win32 = Debug|Win32
		Release UNICODE|Win32 = Release UNICODE|Win32
		Release|Win32 = Release|Win32
	EndGlobalSection
	GlobalSection(ProjectConfigurationPlatforms) = postSolution
		{B6C54133-E4B7-4521-AE2A-71E316C35BF5}.Debug UNICODE|Win32.ActiveCfg = Debug UNICODE|Win32
		{B6C54133-E4B7-4521-AE2A-71E316C35BF5}.Debug UNICODE|Win32.Build.0 = Debug UNICODE|Win32
		{B6C54133-E4B7-4521-AE2A-71E316C35BF5}.Debug|Win32.ActiveCfg = Debug|Win32
		{B6C54133-E4B7-4521-AE2A-71E316C35BF5}.Debug|Win32.Build.0 = Debug|Win32
		{B6C54133-E4B7-4521-AE2A-71E316C35BF5}.Release UNICODE|Win32.ActiveCfg = Release UNICODE|Win32
		{B6C54133-E4B7-4521-AE2A-71E316C35BF5}.Release UNICODE|Win32.Build.0 = Release UNICODE|Win32
		{B6C54133-E4B7-4521-AE2A-71E316C35BF5}.Release|Win32.ActiveCfg = Release|Win32
		{B6C54133-E4B7-4521-AE2A-71E316C35BF5}.Release|Win32.Build.0 = Release|Win32
	EndGlobalSection
	GlobalSection(SolutionProperties) = preSolution
		HideSolutionNode = FALSE
	EndGlobalSection
EndGlobal
