
Microsoft Visual Studio Solution File, Format Version 12.00
# Visual Studio 2012
Project("{8BC9CEB8-8B4A-11D0-8D11-00A0C91BC942}") = "string_c_style_char", "string_c_style_char\string_c_style_char.vcxproj", "{26D3771F-F6B6-4DE3-8989-181012F5244B}"
EndProject
Project("{8BC9CEB8-8B4A-11D0-8D11-00A0C91BC942}") = "c_style_char2", "c_style_char2\c_style_char2.vcxproj", "{82C56E08-9D4E-4C58-BC7E-8DFA40CB8E8E}"
EndProject
Global
	GlobalSection(SolutionConfigurationPlatforms) = preSolution
		Debug|Win32 = Debug|Win32
		Release|Win32 = Release|Win32
	EndGlobalSection
	GlobalSection(ProjectConfigurationPlatforms) = postSolution
		{26D3771F-F6B6-4DE3-8989-181012F5244B}.Debug|Win32.ActiveCfg = Debug|Win32
		{26D3771F-F6B6-4DE3-8989-181012F5244B}.Debug|Win32.Build.0 = Debug|Win32
		{26D3771F-F6B6-4DE3-8989-181012F5244B}.Release|Win32.ActiveCfg = Release|Win32
		{26D3771F-F6B6-4DE3-8989-181012F5244B}.Release|Win32.Build.0 = Release|Win32
		{82C56E08-9D4E-4C58-BC7E-8DFA40CB8E8E}.Debug|Win32.ActiveCfg = Debug|Win32
		{82C56E08-9D4E-4C58-BC7E-8DFA40CB8E8E}.Debug|Win32.Build.0 = Debug|Win32
		{82C56E08-9D4E-4C58-BC7E-8DFA40CB8E8E}.Release|Win32.ActiveCfg = Release|Win32
		{82C56E08-9D4E-4C58-BC7E-8DFA40CB8E8E}.Release|Win32.Build.0 = Release|Win32
	EndGlobalSection
	GlobalSection(SolutionProperties) = preSolution
		HideSolutionNode = FALSE
	EndGlobalSection
EndGlobal
