
Microsoft Visual Studio Solution File, Format Version 10.00
# Visual Studio 2008
Project("{8BC9CEB8-8B4A-11D0-8D11-00A0C91BC942}") = "小的宏定义一个_6_1", "小的宏定义一个_6_1.vcproj", "{E32EE3E5-6169-4435-A7C5-09894577175E}"
EndProject
Global
	GlobalSection(SolutionConfigurationPlatforms) = preSolution
		Debug|Win32 = Debug|Win32
		Release|Win32 = Release|Win32
	EndGlobalSection
	GlobalSection(ProjectConfigurationPlatforms) = postSolution
		{E32EE3E5-6169-4435-A7C5-09894577175E}.Debug|Win32.ActiveCfg = Debug|Win32
		{E32EE3E5-6169-4435-A7C5-09894577175E}.Debug|Win32.Build.0 = Debug|Win32
		{E32EE3E5-6169-4435-A7C5-09894577175E}.Release|Win32.ActiveCfg = Release|Win32
		{E32EE3E5-6169-4435-A7C5-09894577175E}.Release|Win32.Build.0 = Release|Win32
	EndGlobalSection
	GlobalSection(SolutionProperties) = preSolution
		HideSolutionNode = FALSE
	EndGlobalSection
EndGlobal
