
Microsoft Visual Studio Solution File, Format Version 10.00
# Visual Studio 2008
Project("{8BC9CEB8-8B4A-11D0-8D11-00A0C91BC942}") = "threadTest", "threadTest\threadTest.vcproj", "{30472A1C-BEA1-4455-A096-B7A63135B446}"
EndProject
Global
	GlobalSection(SolutionConfigurationPlatforms) = preSolution
		Debug|Win32 = Debug|Win32
		Release|Win32 = Release|Win32
	EndGlobalSection
	GlobalSection(ProjectConfigurationPlatforms) = postSolution
		{30472A1C-BEA1-4455-A096-B7A63135B446}.Debug|Win32.ActiveCfg = Debug|Win32
		{30472A1C-BEA1-4455-A096-B7A63135B446}.Debug|Win32.Build.0 = Debug|Win32
		{30472A1C-BEA1-4455-A096-B7A63135B446}.Release|Win32.ActiveCfg = Release|Win32
		{30472A1C-BEA1-4455-A096-B7A63135B446}.Release|Win32.Build.0 = Release|Win32
	EndGlobalSection
	GlobalSection(SolutionProperties) = preSolution
		HideSolutionNode = FALSE
	EndGlobalSection
EndGlobal
