
Microsoft Visual Studio Solution File, Format Version 10.00
# Visual Studio 2008
Project("{8BC9CEB8-8B4A-11D0-8D11-00A0C91BC942}") = "return_by", "return_by\return_by.vcproj", "{9FC07AE0-6895-4141-A029-4F90E9DDC35A}"
EndProject
Global
	GlobalSection(SolutionConfigurationPlatforms) = preSolution
		Debug|Win32 = Debug|Win32
		Release|Win32 = Release|Win32
	EndGlobalSection
	GlobalSection(ProjectConfigurationPlatforms) = postSolution
		{9FC07AE0-6895-4141-A029-4F90E9DDC35A}.Debug|Win32.ActiveCfg = Debug|Win32
		{9FC07AE0-6895-4141-A029-4F90E9DDC35A}.Debug|Win32.Build.0 = Debug|Win32
		{9FC07AE0-6895-4141-A029-4F90E9DDC35A}.Release|Win32.ActiveCfg = Release|Win32
		{9FC07AE0-6895-4141-A029-4F90E9DDC35A}.Release|Win32.Build.0 = Release|Win32
	EndGlobalSection
	GlobalSection(SolutionProperties) = preSolution
		HideSolutionNode = FALSE
	EndGlobalSection
EndGlobal
