
Microsoft Visual Studio Solution File, Format Version 10.00
# Visual Studio 2008
Project("{8BC9CEB8-8B4A-11D0-8D11-00A0C91BC942}") = "Excpt", "Excpt\Excpt.vcproj", "{0BB69A77-5C2C-46E1-8896-7438473AD690}"
EndProject
Project("{8BC9CEB8-8B4A-11D0-8D11-00A0C91BC942}") = "Demo", "Demo\Demo.vcproj", "{C140DD65-A591-4C8E-AEB4-E03A30FAF026}"
EndProject
Global
	GlobalSection(SolutionConfigurationPlatforms) = preSolution
		Debug|Win32 = Debug|Win32
		Release|Win32 = Release|Win32
	EndGlobalSection
	GlobalSection(ProjectConfigurationPlatforms) = postSolution
		{0BB69A77-5C2C-46E1-8896-7438473AD690}.Debug|Win32.ActiveCfg = Debug|Win32
		{0BB69A77-5C2C-46E1-8896-7438473AD690}.Debug|Win32.Build.0 = Debug|Win32
		{0BB69A77-5C2C-46E1-8896-7438473AD690}.Release|Win32.ActiveCfg = Release|Win32
		{0BB69A77-5C2C-46E1-8896-7438473AD690}.Release|Win32.Build.0 = Release|Win32
		{C140DD65-A591-4C8E-AEB4-E03A30FAF026}.Debug|Win32.ActiveCfg = Debug|Win32
		{C140DD65-A591-4C8E-AEB4-E03A30FAF026}.Debug|Win32.Build.0 = Debug|Win32
		{C140DD65-A591-4C8E-AEB4-E03A30FAF026}.Release|Win32.ActiveCfg = Release|Win32
		{C140DD65-A591-4C8E-AEB4-E03A30FAF026}.Release|Win32.Build.0 = Release|Win32
	EndGlobalSection
	GlobalSection(SolutionProperties) = preSolution
		HideSolutionNode = FALSE
	EndGlobalSection
EndGlobal
