
Microsoft Visual Studio Solution File, Format Version 12.00
# Visual Studio 2012
Project("{8BC9CEB8-8B4A-11D0-8D11-00A0C91BC942}") = "DS_qinghua_chapter1", "DS_qinghua_chapter1\DS_qinghua_chapter1.vcxproj", "{9E46B58E-3A05-4AD4-B43D-A2B47E0E9A07}"
EndProject
Global
	GlobalSection(SolutionConfigurationPlatforms) = preSolution
		Debug|Win32 = Debug|Win32
		Release|Win32 = Release|Win32
	EndGlobalSection
	GlobalSection(ProjectConfigurationPlatforms) = postSolution
		{9E46B58E-3A05-4AD4-B43D-A2B47E0E9A07}.Debug|Win32.ActiveCfg = Debug|Win32
		{9E46B58E-3A05-4AD4-B43D-A2B47E0E9A07}.Debug|Win32.Build.0 = Debug|Win32
		{9E46B58E-3A05-4AD4-B43D-A2B47E0E9A07}.Release|Win32.ActiveCfg = Release|Win32
		{9E46B58E-3A05-4AD4-B43D-A2B47E0E9A07}.Release|Win32.Build.0 = Release|Win32
	EndGlobalSection
	GlobalSection(SolutionProperties) = preSolution
		HideSolutionNode = FALSE
	EndGlobalSection
EndGlobal
