Ãvë\ÑÐrj7á2u18þ{T\«ÂÚfbÂÜ¯]˜à"óáSxQù2óÞ˜ûPfÚ_SÑÃ{a:Õº&É5h`O¹§ï!Wì<Qf›_uSˆÅ›oãÜAëÉm¼S½§ Gì’ÇlŸþž7þ–F8öÑò"Õ–dˆÚ§£>¬ÚÞÍ{Àq"ö¸%ÛYè¡°ùK†±b0Cû,JöŽË+Š ®™A_…“N#x×ÄíIçã|»ùˆ0’%¬pÎ;à$™ŸÜFÈ`Ä-ÎpK[ÌˆFüÄÓ«^w÷Ãëqƒ½jz¤,P‘ïðux!üÎl‘wñ¥<?æöa.öŒòè7á2”Ð#»%&þŽD©#b˜n*ôk›ólxQEYñ°Ðk÷ÏÐüË:,gæÍU¥¥Kpî™XdbL(ÿoFÑ„v¡æM.ªnÝ¯ÝBqÄ¶Ø¥“ïâÿž`rRé'BÄ¢Ç!(:yo_6q¡7	{,ymÂåëÆ´\XëÆ‡7ÙÓÞ»´Gê˜H=Ï˜ìÃ“zvE¥UPÒ)­á^ºìéð/ŸÏ]×OÅWcïõ
'‹ÏñPžÈ”U»Îs½¹#C{7äl3‚è^ž|ô[­ £dš~±mß“Ñ?ëlÔw#ã)Eìà¨[ÝpË|?Ã~‰º„Æ,^ï²‹¼?z’á-ÔtOª
÷SAÇunÁ…5s·<ž¬ÖOWkï-®¤?sÎÁ§ÝõÎ›éfXúö¾7íÿ•‹Tò®aÍ®MÜ'ð€wï7YNQÇ…LbXÈd!¤ƒˆO [ñPÄ_€!†Ã{œ%‰TG¨MX"×ËÅ”ýˆU~,"”»xÙ”Þº-ˆÍë‰f-óÔî8ÙL¢’.¦K¤ü|f$×~Ìoú#ñ­£ØúÑ4rHzÎb5|æF‚™~nÃwQSJã­#©@kùÜ°œt =þ¢ãÛ4¸÷}(	S#Û®ñEØA§¶¢9ù\Œ0ÜÏŽ˜«J}A°VÒºCCIvËž(è¯çá€ö8ÐÖv1Ô(x="EÀ3sw¾¿’ç!ø§¢Xò<Ö˜‚6-
¸7M‹Çw.þÎ¹þUÄ]ùoµó¹H¾Ú<ªµ}ÎèDÎ”ËÂ²C¾…F€ìðÑâ¾þH#™è‘äüý—%Ñ¦GêŠšø.¢‡UÛÍ¢âÌçH>2ýÑw£»ÝëV—NÈ’ÍÕ‡‚¬%_Ï‰Ó„dúºd"E%C¶