
Microsoft Visual Studio Solution File, Format Version 10.00
# Visual Studio 2008
Project("{8BC9CEB8-8B4A-11D0-8D11-00A0C91BC942}") = "abstractfactory_mode", "abstractfactory_mode\abstractfactory_mode.vcproj", "{792A368D-232E-445F-9A5F-90EFDAABB6D8}"
EndProject
Project("{8BC9CEB8-8B4A-11D0-8D11-00A0C91BC942}") = "bridge_mode", "bridge_mode\bridge_mode.vcproj", "{CFD7EE88-F1D2-4ACA-9CF3-73BC385962F9}"
EndProject
Project("{8BC9CEB8-8B4A-11D0-8D11-00A0C91BC942}") = "decorator_mode", "decorator_mode\decorator_mode.vcproj", "{8B02D9BB-ABA4-405E-A78B-960F8B058205}"
EndProject
Project("{8BC9CEB8-8B4A-11D0-8D11-00A0C91BC942}") = "facade_mode", "facade_mode\facade_mode.vcproj", "{64EC74DB-D571-405C-8962-5E0937E141E6}"
EndProject
Project("{8BC9CEB8-8B4A-11D0-8D11-00A0C91BC942}") = "factory_mode", "factory_mode\factory_mode.vcproj", "{9070906D-1123-4C76-845D-901A3761DB24}"
EndProject
Project("{8BC9CEB8-8B4A-11D0-8D11-00A0C91BC942}") = "flyweight_mode", "flyweight_mode\flyweight_mode.vcproj", "{5778DD0E-52C7-4B22-ADEA-0E0997C7BA57}"
EndProject
Project("{8BC9CEB8-8B4A-11D0-8D11-00A0C91BC942}") = "iterator_mode", "iterator_mode\iterator_mode.vcproj", "{1206E8D6-D1F5-4E33-A098-CDC1724E6907}"
EndProject
Project("{8BC9CEB8-8B4A-11D0-8D11-00A0C91BC942}") = "singleton_mode", "singleton_mode\singleton_mode.vcproj", "{AA97E81D-8193-4931-92D4-E8FD7D02D479}"
EndProject
Project("{8BC9CEB8-8B4A-11D0-8D11-00A0C91BC942}") = "strategy_mode", "strategy_mode\strategy_mode.vcproj", "{AD3F2C74-F629-42BA-B62B-58C216D132C8}"
EndProject
Project("{8BC9CEB8-8B4A-11D0-8D11-00A0C91BC942}") = "template_mode", "template_mode\template_mode.vcproj", "{29A9BC30-7930-49BD-B754-E7C246AEE6B9}"
EndProject
Global
	GlobalSection(SolutionConfigurationPlatforms) = preSolution
		Debug|Win32 = Debug|Win32
		Release|Win32 = Release|Win32
	EndGlobalSection
	GlobalSection(ProjectConfigurationPlatforms) = postSolution
		{792A368D-232E-445F-9A5F-90EFDAABB6D8}.Debug|Win32.ActiveCfg = Debug|Win32
		{792A368D-232E-445F-9A5F-90EFDAABB6D8}.Debug|Win32.Build.0 = Debug|Win32
		{792A368D-232E-445F-9A5F-90EFDAABB6D8}.Release|Win32.ActiveCfg = Release|Win32
		{792A368D-232E-445F-9A5F-90EFDAABB6D8}.Release|Win32.Build.0 = Release|Win32
		{CFD7EE88-F1D2-4ACA-9CF3-73BC385962F9}.Debug|Win32.ActiveCfg = Debug|Win32
		{CFD7EE88-F1D2-4ACA-9CF3-73BC385962F9}.Debug|Win32.Build.0 = Debug|Win32
		{CFD7EE88-F1D2-4ACA-9CF3-73BC385962F9}.Release|Win32.ActiveCfg = Release|Win32
		{CFD7EE88-F1D2-4ACA-9CF3-73BC385962F9}.Release|Win32.Build.0 = Release|Win32
		{8B02D9BB-ABA4-405E-A78B-960F8B058205}.Debug|Win32.ActiveCfg = Debug|Win32
		{8B02D9BB-ABA4-405E-A78B-960F8B058205}.Debug|Win32.Build.0 = Debug|Win32
		{8B02D9BB-ABA4-405E-A78B-960F8B058205}.Release|Win32.ActiveCfg = Release|Win32
		{8B02D9BB-ABA4-405E-A78B-960F8B058205}.Release|Win32.Build.0 = Release|Win32
		{64EC74DB-D571-405C-8962-5E0937E141E6}.Debug|Win32.ActiveCfg = Debug|Win32
		{64EC74DB-D571-405C-8962-5E0937E141E6}.Debug|Win32.Build.0 = Debug|Win32
		{64EC74DB-D571-405C-8962-5E0937E141E6}.Release|Win32.ActiveCfg = Release|Win32
		{64EC74DB-D571-405C-8962-5E0937E141E6}.Release|Win32.Build.0 = Release|Win32
		{9070906D-1123-4C76-845D-901A3761DB24}.Debug|Win32.ActiveCfg = Debug|Win32
		{9070906D-1123-4C76-845D-901A3761DB24}.Debug|Win32.Build.0 = Debug|Win32
		{9070906D-1123-4C76-845D-901A3761DB24}.Release|Win32.ActiveCfg = Release|Win32
		{9070906D-1123-4C76-845D-901A3761DB24}.Release|Win32.Build.0 = Release|Win32
		{5778DD0E-52C7-4B22-ADEA-0E0997C7BA57}.Debug|Win32.ActiveCfg = Debug|Win32
		{5778DD0E-52C7-4B22-ADEA-0E0997C7BA57}.Debug|Win32.Build.0 = Debug|Win32
		{5778DD0E-52C7-4B22-ADEA-0E0997C7BA57}.Release|Win32.ActiveCfg = Release|Win32
		{5778DD0E-52C7-4B22-ADEA-0E0997C7BA57}.Release|Win32.Build.0 = Release|Win32
		{1206E8D6-D1F5-4E33-A098-CDC1724E6907}.Debug|Win32.ActiveCfg = Debug|Win32
		{1206E8D6-D1F5-4E33-A098-CDC1724E6907}.Debug|Win32.Build.0 = Debug|Win32
		{1206E8D6-D1F5-4E33-A098-CDC1724E6907}.Release|Win32.ActiveCfg = Release|Win32
		{1206E8D6-D1F5-4E33-A098-CDC1724E6907}.Release|Win32.Build.0 = Release|Win32
		{AA97E81D-8193-4931-92D4-E8FD7D02D479}.Debug|Win32.ActiveCfg = Debug|Win32
		{AA97E81D-8193-4931-92D4-E8FD7D02D479}.Debug|Win32.Build.0 = Debug|Win32
		{AA97E81D-8193-4931-92D4-E8FD7D02D479}.Release|Win32.ActiveCfg = Release|Win32
		{AA97E81D-8193-4931-92D4-E8FD7D02D479}.Release|Win32.Build.0 = Release|Win32
		{AD3F2C74-F629-42BA-B62B-58C216D132C8}.Debug|Win32.ActiveCfg = Debug|Win32
		{AD3F2C74-F629-42BA-B62B-58C216D132C8}.Debug|Win32.Build.0 = Debug|Win32
		{AD3F2C74-F629-42BA-B62B-58C216D132C8}.Release|Win32.ActiveCfg = Release|Win32
		{AD3F2C74-F629-42BA-B62B-58C216D132C8}.Release|Win32.Build.0 = Release|Win32
		{29A9BC30-7930-49BD-B754-E7C246AEE6B9}.Debug|Win32.ActiveCfg = Debug|Win32
		{29A9BC30-7930-49BD-B754-E7C246AEE6B9}.Debug|Win32.Build.0 = Debug|Win32
		{29A9BC30-7930-49BD-B754-E7C246AEE6B9}.Release|Win32.ActiveCfg = Release|Win32
		{29A9BC30-7930-49BD-B754-E7C246AEE6B9}.Release|Win32.Build.0 = Release|Win32
	EndGlobalSection
	GlobalSection(SolutionProperties) = preSolution
		HideSolutionNode = FALSE
	EndGlobalSection
EndGlobal
