
Microsoft Visual Studio Solution File, Format Version 12.00
# Visual Studio 2012
Project("{8BC9CEB8-8B4A-11D0-8D11-00A0C91BC942}") = "heap", "heap\heap.vcxproj", "{22B7C8EB-C321-494A-8CE0-1F9A0662F113}"
EndProject
Project("{8BC9CEB8-8B4A-11D0-8D11-00A0C91BC942}") = "heap2", "heap2\heap2.vcxproj", "{629F4046-8C43-4D5E-B07E-6E77CC66706F}"
EndProject
Project("{8BC9CEB8-8B4A-11D0-8D11-00A0C91BC942}") = "heap3", "heap3\heap3.vcxproj", "{8C4E135D-4E98-4054-9343-7CCE9D06607A}"
EndProject
Global
	GlobalSection(SolutionConfigurationPlatforms) = preSolution
		Debug|Mixed Platforms = Debug|Mixed Platforms
		Debug|Win32 = Debug|Win32
		Debug|x64 = Debug|x64
		Release|Mixed Platforms = Release|Mixed Platforms
		Release|Win32 = Release|Win32
		Release|x64 = Release|x64
	EndGlobalSection
	GlobalSection(ProjectConfigurationPlatforms) = postSolution
		{22B7C8EB-C321-494A-8CE0-1F9A0662F113}.Debug|Mixed Platforms.ActiveCfg = Debug|Win32
		{22B7C8EB-C321-494A-8CE0-1F9A0662F113}.Debug|Mixed Platforms.Build.0 = Debug|Win32
		{22B7C8EB-C321-494A-8CE0-1F9A0662F113}.Debug|Win32.ActiveCfg = Debug|Win32
		{22B7C8EB-C321-494A-8CE0-1F9A0662F113}.Debug|Win32.Build.0 = Debug|Win32
		{22B7C8EB-C321-494A-8CE0-1F9A0662F113}.Debug|x64.ActiveCfg = Debug|x64
		{22B7C8EB-C321-494A-8CE0-1F9A0662F113}.Debug|x64.Build.0 = Debug|x64
		{22B7C8EB-C321-494A-8CE0-1F9A0662F113}.Release|Mixed Platforms.ActiveCfg = Release|Win32
		{22B7C8EB-C321-494A-8CE0-1F9A0662F113}.Release|Mixed Platforms.Build.0 = Release|Win32
		{22B7C8EB-C321-494A-8CE0-1F9A0662F113}.Release|Win32.ActiveCfg = Release|Win32
		{22B7C8EB-C321-494A-8CE0-1F9A0662F113}.Release|Win32.Build.0 = Release|Win32
		{22B7C8EB-C321-494A-8CE0-1F9A0662F113}.Release|x64.ActiveCfg = Release|x64
		{22B7C8EB-C321-494A-8CE0-1F9A0662F113}.Release|x64.Build.0 = Release|x64
		{629F4046-8C43-4D5E-B07E-6E77CC66706F}.Debug|Mixed Platforms.ActiveCfg = Debug|Win32
		{629F4046-8C43-4D5E-B07E-6E77CC66706F}.Debug|Mixed Platforms.Build.0 = Debug|Win32
		{629F4046-8C43-4D5E-B07E-6E77CC66706F}.Debug|Win32.ActiveCfg = Debug|Win32
		{629F4046-8C43-4D5E-B07E-6E77CC66706F}.Debug|Win32.Build.0 = Debug|Win32
		{629F4046-8C43-4D5E-B07E-6E77CC66706F}.Debug|x64.ActiveCfg = Debug|x64
		{629F4046-8C43-4D5E-B07E-6E77CC66706F}.Debug|x64.Build.0 = Debug|x64
		{629F4046-8C43-4D5E-B07E-6E77CC66706F}.Release|Mixed Platforms.ActiveCfg = Release|Win32
		{629F4046-8C43-4D5E-B07E-6E77CC66706F}.Release|Mixed Platforms.Build.0 = Release|Win32
		{629F4046-8C43-4D5E-B07E-6E77CC66706F}.Release|Win32.ActiveCfg = Release|Win32
		{629F4046-8C43-4D5E-B07E-6E77CC66706F}.Release|Win32.Build.0 = Release|Win32
		{629F4046-8C43-4D5E-B07E-6E77CC66706F}.Release|x64.ActiveCfg = Release|x64
		{629F4046-8C43-4D5E-B07E-6E77CC66706F}.Release|x64.Build.0 = Release|x64
		{8C4E135D-4E98-4054-9343-7CCE9D06607A}.Debug|Mixed Platforms.ActiveCfg = Debug|Win32
		{8C4E135D-4E98-4054-9343-7CCE9D06607A}.Debug|Mixed Platforms.Build.0 = Debug|Win32
		{8C4E135D-4E98-4054-9343-7CCE9D06607A}.Debug|Win32.ActiveCfg = Debug|Win32
		{8C4E135D-4E98-4054-9343-7CCE9D06607A}.Debug|Win32.Build.0 = Debug|Win32
		{8C4E135D-4E98-4054-9343-7CCE9D06607A}.Debug|x64.ActiveCfg = Debug|x64
		{8C4E135D-4E98-4054-9343-7CCE9D06607A}.Debug|x64.Build.0 = Debug|x64
		{8C4E135D-4E98-4054-9343-7CCE9D06607A}.Release|Mixed Platforms.ActiveCfg = Release|Win32
		{8C4E135D-4E98-4054-9343-7CCE9D06607A}.Release|Mixed Platforms.Build.0 = Release|Win32
		{8C4E135D-4E98-4054-9343-7CCE9D06607A}.Release|Win32.ActiveCfg = Release|Win32
		{8C4E135D-4E98-4054-9343-7CCE9D06607A}.Release|Win32.Build.0 = Release|Win32
		{8C4E135D-4E98-4054-9343-7CCE9D06607A}.Release|x64.ActiveCfg = Release|x64
		{8C4E135D-4E98-4054-9343-7CCE9D06607A}.Release|x64.Build.0 = Release|x64
	EndGlobalSection
	GlobalSection(SolutionProperties) = preSolution
		HideSolutionNode = FALSE
	EndGlobalSection
EndGlobal
