
Microsoft Visual Studio Solution File, Format Version 10.00
# Visual Studio 2008
Project("{8BC9CEB8-8B4A-11D0-8D11-00A0C91BC942}") = "staticOverloadTest", "staticOverloadTest\staticOverloadTest.vcproj", "{F08665C6-CBB5-484B-A5E9-5E39CCC54591}"
EndProject
Global
	GlobalSection(SolutionConfigurationPlatforms) = preSolution
		Debug|Win32 = Debug|Win32
		Release|Win32 = Release|Win32
	EndGlobalSection
	GlobalSection(ProjectConfigurationPlatforms) = postSolution
		{F08665C6-CBB5-484B-A5E9-5E39CCC54591}.Debug|Win32.ActiveCfg = Debug|Win32
		{F08665C6-CBB5-484B-A5E9-5E39CCC54591}.Debug|Win32.Build.0 = Debug|Win32
		{F08665C6-CBB5-484B-A5E9-5E39CCC54591}.Release|Win32.ActiveCfg = Release|Win32
		{F08665C6-CBB5-484B-A5E9-5E39CCC54591}.Release|Win32.Build.0 = Release|Win32
	EndGlobalSection
	GlobalSection(SolutionProperties) = preSolution
		HideSolutionNode = FALSE
	EndGlobalSection
EndGlobal
