
Microsoft Visual Studio Solution File, Format Version 10.00
# Visual Studio 2008
Project("{8BC9CEB8-8B4A-11D0-8D11-00A0C91BC942}") = "练习2.3", "练习2.3\练习2.3.vcproj", "{36AEDC1E-B5D8-4013-BF0D-BA79D112F4D1}"
EndProject
Project("{8BC9CEB8-8B4A-11D0-8D11-00A0C91BC942}") = "基于对象的设计", "基于对象的设计\基于对象的设计.vcproj", "{4685EC6F-77AB-4F53-BF8C-9D7C70478B47}"
EndProject
Project("{8BC9CEB8-8B4A-11D0-8D11-00A0C91BC942}") = "array模版", "array模版\array模版.vcproj", "{787CFC0C-0F63-4382-99A4-CD69538E6673}"
EndProject
Project("{8BC9CEB8-8B4A-11D0-8D11-00A0C91BC942}") = "类模版基类", "类模版基类\类模版基类.vcproj", "{0234CF18-F286-42B0-B7E4-4DC880EC0806}"
EndProject
Project("{8BC9CEB8-8B4A-11D0-8D11-00A0C91BC942}") = "函数模版", "函数模版\函数模版.vcproj", "{80B6CAF1-827E-4611-A9D3-B5E36E9D7DC0}"
EndProject
Global
	GlobalSection(SolutionConfigurationPlatforms) = preSolution
		Debug|Win32 = Debug|Win32
		Release|Win32 = Release|Win32
	EndGlobalSection
	GlobalSection(ProjectConfigurationPlatforms) = postSolution
		{36AEDC1E-B5D8-4013-BF0D-BA79D112F4D1}.Debug|Win32.ActiveCfg = Debug|Win32
		{36AEDC1E-B5D8-4013-BF0D-BA79D112F4D1}.Debug|Win32.Build.0 = Debug|Win32
		{36AEDC1E-B5D8-4013-BF0D-BA79D112F4D1}.Release|Win32.ActiveCfg = Release|Win32
		{36AEDC1E-B5D8-4013-BF0D-BA79D112F4D1}.Release|Win32.Build.0 = Release|Win32
		{4685EC6F-77AB-4F53-BF8C-9D7C70478B47}.Debug|Win32.ActiveCfg = Debug|Win32
		{4685EC6F-77AB-4F53-BF8C-9D7C70478B47}.Debug|Win32.Build.0 = Debug|Win32
		{4685EC6F-77AB-4F53-BF8C-9D7C70478B47}.Release|Win32.ActiveCfg = Release|Win32
		{4685EC6F-77AB-4F53-BF8C-9D7C70478B47}.Release|Win32.Build.0 = Release|Win32
		{787CFC0C-0F63-4382-99A4-CD69538E6673}.Debug|Win32.ActiveCfg = Debug|Win32
		{787CFC0C-0F63-4382-99A4-CD69538E6673}.Debug|Win32.Build.0 = Debug|Win32
		{787CFC0C-0F63-4382-99A4-CD69538E6673}.Release|Win32.ActiveCfg = Release|Win32
		{787CFC0C-0F63-4382-99A4-CD69538E6673}.Release|Win32.Build.0 = Release|Win32
		{0234CF18-F286-42B0-B7E4-4DC880EC0806}.Debug|Win32.ActiveCfg = Debug|Win32
		{0234CF18-F286-42B0-B7E4-4DC880EC0806}.Debug|Win32.Build.0 = Debug|Win32
		{0234CF18-F286-42B0-B7E4-4DC880EC0806}.Release|Win32.ActiveCfg = Release|Win32
		{0234CF18-F286-42B0-B7E4-4DC880EC0806}.Release|Win32.Build.0 = Release|Win32
		{80B6CAF1-827E-4611-A9D3-B5E36E9D7DC0}.Debug|Win32.ActiveCfg = Debug|Win32
		{80B6CAF1-827E-4611-A9D3-B5E36E9D7DC0}.Debug|Win32.Build.0 = Debug|Win32
		{80B6CAF1-827E-4611-A9D3-B5E36E9D7DC0}.Release|Win32.ActiveCfg = Release|Win32
		{80B6CAF1-827E-4611-A9D3-B5E36E9D7DC0}.Release|Win32.Build.0 = Release|Win32
	EndGlobalSection
	GlobalSection(SolutionProperties) = preSolution
		HideSolutionNode = FALSE
	EndGlobalSection
EndGlobal
