
Microsoft Visual Studio Solution File, Format Version 10.00
# Visual Studio 2008
Project("{8BC9CEB8-8B4A-11D0-8D11-00A0C91BC942}") = "Crude Debugger", "Crude Debugger.vcproj", "{D0AA8673-2057-4DD2-9E0E-46C54638D9B4}"
EndProject
Global
	GlobalSection(SolutionConfigurationPlatforms) = preSolution
		Debug|Win32 = Debug|Win32
		Release|Win32 = Release|Win32
	EndGlobalSection
	GlobalSection(ProjectConfigurationPlatforms) = postSolution
		{D0AA8673-2057-4DD2-9E0E-46C54638D9B4}.Debug|Win32.ActiveCfg = Debug|Win32
		{D0AA8673-2057-4DD2-9E0E-46C54638D9B4}.Debug|Win32.Build.0 = Debug|Win32
		{D0AA8673-2057-4DD2-9E0E-46C54638D9B4}.Release|Win32.ActiveCfg = Release|Win32
		{D0AA8673-2057-4DD2-9E0E-46C54638D9B4}.Release|Win32.Build.0 = Release|Win32
	EndGlobalSection
	GlobalSection(SolutionProperties) = preSolution
		HideSolutionNode = FALSE
	EndGlobalSection
EndGlobal
