
Microsoft Visual Studio Solution File, Format Version 10.00
# Visual Studio 2008
Project("{8BC9CEB8-8B4A-11D0-8D11-00A0C91BC942}") = "c++_primer_4_chapter_8", "c++_primer_4_chapter_8\c++_primer_4_chapter_8.vcproj", "{28A5B67E-398A-4476-B553-88AA1AE29515}"
EndProject
Project("{8BC9CEB8-8B4A-11D0-8D11-00A0C91BC942}") = "ignore", "ignore\ignore.vcproj", "{879472D1-9ED6-48F8-8C42-2CC2BA840573}"
EndProject
Project("{8BC9CEB8-8B4A-11D0-8D11-00A0C91BC942}") = "get", "get\get.vcproj", "{F3DAE802-21F6-49E7-BDE9-0840DD5FEF4E}"
EndProject
Project("{8BC9CEB8-8B4A-11D0-8D11-00A0C91BC942}") = "输入缓冲区", "输入缓冲区\输入缓冲区.vcproj", "{53D58297-8BFD-4B20-AE43-C1A07F8EBE5F}"
EndProject
Project("{8BC9CEB8-8B4A-11D0-8D11-00A0C91BC942}") = "c++", "c++\c++.vcproj", "{C070C3AF-C32D-44C7-B2C2-3840B28E328C}"
EndProject
Project("{8BC9CEB8-8B4A-11D0-8D11-00A0C91BC942}") = "输出缓冲区的刷新", "输出缓冲区的刷新\输出缓冲区的刷新.vcproj", "{1C5D51F6-D632-4B70-8520-F5320F4EC622}"
EndProject
Project("{8BC9CEB8-8B4A-11D0-8D11-00A0C91BC942}") = "test", "test\test.vcproj", "{C9F84B17-182C-4D37-8D11-9ECD4B91ECA1}"
EndProject
Project("{8BC9CEB8-8B4A-11D0-8D11-00A0C91BC942}") = "stringStream", "stringStream\stringStream.vcproj", "{898E4E3A-19F6-4A7A-8FA2-ACA5F30459D0}"
EndProject
Project("{8BC9CEB8-8B4A-11D0-8D11-00A0C91BC942}") = "a", "a\a.vcproj", "{918B3756-3F02-4711-9CA8-549E209CDF01}"
EndProject
Project("{8BC9CEB8-8B4A-11D0-8D11-00A0C91BC942}") = "小数点对齐", "小数点对齐\小数点对齐.vcproj", "{CB170429-EEEC-4845-9763-87DA5652DB93}"
EndProject
Global
	GlobalSection(SolutionConfigurationPlatforms) = preSolution
		Debug|Win32 = Debug|Win32
		Release|Win32 = Release|Win32
	EndGlobalSection
	GlobalSection(ProjectConfigurationPlatforms) = postSolution
		{28A5B67E-398A-4476-B553-88AA1AE29515}.Debug|Win32.ActiveCfg = Debug|Win32
		{28A5B67E-398A-4476-B553-88AA1AE29515}.Debug|Win32.Build.0 = Debug|Win32
		{28A5B67E-398A-4476-B553-88AA1AE29515}.Release|Win32.ActiveCfg = Release|Win32
		{28A5B67E-398A-4476-B553-88AA1AE29515}.Release|Win32.Build.0 = Release|Win32
		{879472D1-9ED6-48F8-8C42-2CC2BA840573}.Debug|Win32.ActiveCfg = Debug|Win32
		{879472D1-9ED6-48F8-8C42-2CC2BA840573}.Debug|Win32.Build.0 = Debug|Win32
		{879472D1-9ED6-48F8-8C42-2CC2BA840573}.Release|Win32.ActiveCfg = Release|Win32
		{879472D1-9ED6-48F8-8C42-2CC2BA840573}.Release|Win32.Build.0 = Release|Win32
		{F3DAE802-21F6-49E7-BDE9-0840DD5FEF4E}.Debug|Win32.ActiveCfg = Debug|Win32
		{F3DAE802-21F6-49E7-BDE9-0840DD5FEF4E}.Debug|Win32.Build.0 = Debug|Win32
		{F3DAE802-21F6-49E7-BDE9-0840DD5FEF4E}.Release|Win32.ActiveCfg = Release|Win32
		{F3DAE802-21F6-49E7-BDE9-0840DD5FEF4E}.Release|Win32.Build.0 = Release|Win32
		{53D58297-8BFD-4B20-AE43-C1A07F8EBE5F}.Debug|Win32.ActiveCfg = Debug|Win32
		{53D58297-8BFD-4B20-AE43-C1A07F8EBE5F}.Debug|Win32.Build.0 = Debug|Win32
		{53D58297-8BFD-4B20-AE43-C1A07F8EBE5F}.Release|Win32.ActiveCfg = Release|Win32
		{53D58297-8BFD-4B20-AE43-C1A07F8EBE5F}.Release|Win32.Build.0 = Release|Win32
		{C070C3AF-C32D-44C7-B2C2-3840B28E328C}.Debug|Win32.ActiveCfg = Debug|Win32
		{C070C3AF-C32D-44C7-B2C2-3840B28E328C}.Debug|Win32.Build.0 = Debug|Win32
		{C070C3AF-C32D-44C7-B2C2-3840B28E328C}.Release|Win32.ActiveCfg = Release|Win32
		{C070C3AF-C32D-44C7-B2C2-3840B28E328C}.Release|Win32.Build.0 = Release|Win32
		{1C5D51F6-D632-4B70-8520-F5320F4EC622}.Debug|Win32.ActiveCfg = Debug|Win32
		{1C5D51F6-D632-4B70-8520-F5320F4EC622}.Debug|Win32.Build.0 = Debug|Win32
		{1C5D51F6-D632-4B70-8520-F5320F4EC622}.Release|Win32.ActiveCfg = Release|Win32
		{1C5D51F6-D632-4B70-8520-F5320F4EC622}.Release|Win32.Build.0 = Release|Win32
		{C9F84B17-182C-4D37-8D11-9ECD4B91ECA1}.Debug|Win32.ActiveCfg = Debug|Win32
		{C9F84B17-182C-4D37-8D11-9ECD4B91ECA1}.Debug|Win32.Build.0 = Debug|Win32
		{C9F84B17-182C-4D37-8D11-9ECD4B91ECA1}.Release|Win32.ActiveCfg = Release|Win32
		{C9F84B17-182C-4D37-8D11-9ECD4B91ECA1}.Release|Win32.Build.0 = Release|Win32
		{898E4E3A-19F6-4A7A-8FA2-ACA5F30459D0}.Debug|Win32.ActiveCfg = Debug|Win32
		{898E4E3A-19F6-4A7A-8FA2-ACA5F30459D0}.Debug|Win32.Build.0 = Debug|Win32
		{898E4E3A-19F6-4A7A-8FA2-ACA5F30459D0}.Release|Win32.ActiveCfg = Release|Win32
		{898E4E3A-19F6-4A7A-8FA2-ACA5F30459D0}.Release|Win32.Build.0 = Release|Win32
		{918B3756-3F02-4711-9CA8-549E209CDF01}.Debug|Win32.ActiveCfg = Debug|Win32
		{918B3756-3F02-4711-9CA8-549E209CDF01}.Debug|Win32.Build.0 = Debug|Win32
		{918B3756-3F02-4711-9CA8-549E209CDF01}.Release|Win32.ActiveCfg = Release|Win32
		{918B3756-3F02-4711-9CA8-549E209CDF01}.Release|Win32.Build.0 = Release|Win32
		{CB170429-EEEC-4845-9763-87DA5652DB93}.Debug|Win32.ActiveCfg = Debug|Win32
		{CB170429-EEEC-4845-9763-87DA5652DB93}.Debug|Win32.Build.0 = Debug|Win32
		{CB170429-EEEC-4845-9763-87DA5652DB93}.Release|Win32.ActiveCfg = Release|Win32
		{CB170429-EEEC-4845-9763-87DA5652DB93}.Release|Win32.Build.0 = Release|Win32
	EndGlobalSection
	GlobalSection(SolutionProperties) = preSolution
		HideSolutionNode = FALSE
	EndGlobalSection
EndGlobal
