
Microsoft Visual Studio Solution File, Format Version 10.00
# Visual Studio 2008
Project("{8BC9CEB8-8B4A-11D0-8D11-00A0C91BC942}") = "time_string", "time_string\time_string.vcproj", "{839CCB87-9DA9-41B7-9F32-442EB3941310}"
EndProject
Global
	GlobalSection(SolutionConfigurationPlatforms) = preSolution
		Debug|Win32 = Debug|Win32
		Release|Win32 = Release|Win32
	EndGlobalSection
	GlobalSection(ProjectConfigurationPlatforms) = postSolution
		{839CCB87-9DA9-41B7-9F32-442EB3941310}.Debug|Win32.ActiveCfg = Debug|Win32
		{839CCB87-9DA9-41B7-9F32-442EB3941310}.Debug|Win32.Build.0 = Debug|Win32
		{839CCB87-9DA9-41B7-9F32-442EB3941310}.Release|Win32.ActiveCfg = Release|Win32
		{839CCB87-9DA9-41B7-9F32-442EB3941310}.Release|Win32.Build.0 = Release|Win32
	EndGlobalSection
	GlobalSection(SolutionProperties) = preSolution
		HideSolutionNode = FALSE
	EndGlobalSection
EndGlobal
