
Microsoft Visual Studio Solution File, Format Version 10.00
# Visual Studio 2008
Project("{8BC9CEB8-8B4A-11D0-8D11-00A0C91BC942}") = "define_built-in_user-define_object", "define_built-in_user-define_object\define_built-in_user-define_object.vcproj", "{EA3BCB8F-085E-405E-B371-BACAEF5B3664}"
EndProject
Global
	GlobalSection(SolutionConfigurationPlatforms) = preSolution
		Debug|Win32 = Debug|Win32
		Release|Win32 = Release|Win32
	EndGlobalSection
	GlobalSection(ProjectConfigurationPlatforms) = postSolution
		{EA3BCB8F-085E-405E-B371-BACAEF5B3664}.Debug|Win32.ActiveCfg = Debug|Win32
		{EA3BCB8F-085E-405E-B371-BACAEF5B3664}.Debug|Win32.Build.0 = Debug|Win32
		{EA3BCB8F-085E-405E-B371-BACAEF5B3664}.Release|Win32.ActiveCfg = Release|Win32
		{EA3BCB8F-085E-405E-B371-BACAEF5B3664}.Release|Win32.Build.0 = Release|Win32
	EndGlobalSection
	GlobalSection(SolutionProperties) = preSolution
		HideSolutionNode = FALSE
	EndGlobalSection
EndGlobal
