
Microsoft Visual Studio Solution File, Format Version 10.00
# Visual Studio 2008
Project("{8BC9CEB8-8B4A-11D0-8D11-00A0C91BC942}") = "PROJECTS", "PROJECTS.vcproj", "{52098324-15F4-48D1-956D-7E96C751E899}"
EndProject
Global
	GlobalSection(SolutionConfigurationPlatforms) = preSolution
		Debug|Win32 = Debug|Win32
		Release|Win32 = Release|Win32
	EndGlobalSection
	GlobalSection(ProjectConfigurationPlatforms) = postSolution
		{52098324-15F4-48D1-956D-7E96C751E899}.Debug|Win32.ActiveCfg = Debug|Win32
		{52098324-15F4-48D1-956D-7E96C751E899}.Debug|Win32.Build.0 = Debug|Win32
		{52098324-15F4-48D1-956D-7E96C751E899}.Release|Win32.ActiveCfg = Release|Win32
		{52098324-15F4-48D1-956D-7E96C751E899}.Release|Win32.Build.0 = Release|Win32
	EndGlobalSection
	GlobalSection(SolutionProperties) = preSolution
		HideSolutionNode = FALSE
	EndGlobalSection
EndGlobal
