
Microsoft Visual Studio Solution File, Format Version 10.00
# Visual Studio 2008
Project("{8BC9CEB8-8B4A-11D0-8D11-00A0C91BC942}") = "FTDemo", "FTDemo.vcproj", "{59CBC665-65DD-4B8C-97B6-1E2E659AD59A}"
EndProject
Global
	GlobalSection(SolutionConfigurationPlatforms) = preSolution
		Debug|Win32 = Debug|Win32
		Release|Win32 = Release|Win32
	EndGlobalSection
	GlobalSection(ProjectConfigurationPlatforms) = postSolution
		{59CBC665-65DD-4B8C-97B6-1E2E659AD59A}.Debug|Win32.ActiveCfg = Debug|Win32
		{59CBC665-65DD-4B8C-97B6-1E2E659AD59A}.Debug|Win32.Build.0 = Debug|Win32
		{59CBC665-65DD-4B8C-97B6-1E2E659AD59A}.Release|Win32.ActiveCfg = Release|Win32
		{59CBC665-65DD-4B8C-97B6-1E2E659AD59A}.Release|Win32.Build.0 = Release|Win32
	EndGlobalSection
	GlobalSection(SolutionProperties) = preSolution
		HideSolutionNode = FALSE
	EndGlobalSection
EndGlobal
