
Microsoft Visual Studio Solution File, Format Version 10.00
# Visual Studio 2008
Project("{8BC9CEB8-8B4A-11D0-8D11-00A0C91BC942}") = "c++_primer_4_12", "c++_primer_4_12\c++_primer_4_12.vcproj", "{29948CC3-0111-4AA3-A1DF-F101D7F9DDCE}"
EndProject
Project("{8BC9CEB8-8B4A-11D0-8D11-00A0C91BC942}") = "12.4.4_explicit", "12.4.4_explicit\12.4.4_explicit.vcproj", "{582180E8-687D-4CA1-A03A-6FE430F79DBF}"
EndProject
Project("{8BC9CEB8-8B4A-11D0-8D11-00A0C91BC942}") = "screen3", "screen3\screen3.vcproj", "{6C882C85-E7B9-47E3-8339-D7C8C125299A}"
EndProject
Project("{8BC9CEB8-8B4A-11D0-8D11-00A0C91BC942}") = "screen", "screen\screen.vcproj", "{A111C10E-F748-4333-B30B-3EC66029DCE3}"
EndProject
Global
	GlobalSection(SolutionConfigurationPlatforms) = preSolution
		Debug|Win32 = Debug|Win32
		Release|Win32 = Release|Win32
	EndGlobalSection
	GlobalSection(ProjectConfigurationPlatforms) = postSolution
		{29948CC3-0111-4AA3-A1DF-F101D7F9DDCE}.Debug|Win32.ActiveCfg = Debug|Win32
		{29948CC3-0111-4AA3-A1DF-F101D7F9DDCE}.Debug|Win32.Build.0 = Debug|Win32
		{29948CC3-0111-4AA3-A1DF-F101D7F9DDCE}.Release|Win32.ActiveCfg = Release|Win32
		{29948CC3-0111-4AA3-A1DF-F101D7F9DDCE}.Release|Win32.Build.0 = Release|Win32
		{582180E8-687D-4CA1-A03A-6FE430F79DBF}.Debug|Win32.ActiveCfg = Debug|Win32
		{582180E8-687D-4CA1-A03A-6FE430F79DBF}.Debug|Win32.Build.0 = Debug|Win32
		{582180E8-687D-4CA1-A03A-6FE430F79DBF}.Release|Win32.ActiveCfg = Release|Win32
		{582180E8-687D-4CA1-A03A-6FE430F79DBF}.Release|Win32.Build.0 = Release|Win32
		{6C882C85-E7B9-47E3-8339-D7C8C125299A}.Debug|Win32.ActiveCfg = Debug|Win32
		{6C882C85-E7B9-47E3-8339-D7C8C125299A}.Debug|Win32.Build.0 = Debug|Win32
		{6C882C85-E7B9-47E3-8339-D7C8C125299A}.Release|Win32.ActiveCfg = Release|Win32
		{6C882C85-E7B9-47E3-8339-D7C8C125299A}.Release|Win32.Build.0 = Release|Win32
		{A111C10E-F748-4333-B30B-3EC66029DCE3}.Debug|Win32.ActiveCfg = Debug|Win32
		{A111C10E-F748-4333-B30B-3EC66029DCE3}.Debug|Win32.Build.0 = Debug|Win32
		{A111C10E-F748-4333-B30B-3EC66029DCE3}.Release|Win32.ActiveCfg = Release|Win32
		{A111C10E-F748-4333-B30B-3EC66029DCE3}.Release|Win32.Build.0 = Release|Win32
	EndGlobalSection
	GlobalSection(SolutionProperties) = preSolution
		HideSolutionNode = FALSE
	EndGlobalSection
EndGlobal
