
Microsoft Visual Studio Solution File, Format Version 10.00
# Visual Studio 2008
Project("{8BC9CEB8-8B4A-11D0-8D11-00A0C91BC942}") = "ExceptionDemo", "ExceptionDemo.vcproj", "{63025A08-B77A-4D88-AA1C-E046550B37F3}"
	ProjectSection(ProjectDependencies) = postProject
		{2DD20E1C-C343-4C17-98BB-A2137A6DA107} = {2DD20E1C-C343-4C17-98BB-A2137A6DA107}
		{7B71D22B-06D4-44B8-B8B8-959CE076CCBD} = {7B71D22B-06D4-44B8-B8B8-959CE076CCBD}
		{A8FE51A0-501B-4D2C-8959-C941A2A9E2A2} = {A8FE51A0-501B-4D2C-8959-C941A2A9E2A2}
	EndProjectSection
EndProject
Project("{8BC9CEB8-8B4A-11D0-8D11-00A0C91BC942}") = "DemoServer", "..\DemoServer\DemoServer.vcproj", "{A8FE51A0-501B-4D2C-8959-C941A2A9E2A2}"
	ProjectSection(ProjectDependencies) = postProject
		{2DD20E1C-C343-4C17-98BB-A2137A6DA107} = {2DD20E1C-C343-4C17-98BB-A2137A6DA107}
		{7B71D22B-06D4-44B8-B8B8-959CE076CCBD} = {7B71D22B-06D4-44B8-B8B8-959CE076CCBD}
	EndProjectSection
EndProject
Project("{8BC9CEB8-8B4A-11D0-8D11-00A0C91BC942}") = "ExceptionLib", "..\ExceptionLib\ExceptionLib.vcproj", "{7B71D22B-06D4-44B8-B8B8-959CE076CCBD}"
EndProject
Project("{8BC9CEB8-8B4A-11D0-8D11-00A0C91BC942}") = "LoggingLib", "..\LoggingLib\LoggingLib.vcproj", "{2DD20E1C-C343-4C17-98BB-A2137A6DA107}"
EndProject
Global
	GlobalSection(SolutionConfigurationPlatforms) = preSolution
		Debug|Win32 = Debug|Win32
		Release|Win32 = Release|Win32
	EndGlobalSection
	GlobalSection(ProjectConfigurationPlatforms) = postSolution
		{63025A08-B77A-4D88-AA1C-E046550B37F3}.Debug|Win32.ActiveCfg = Debug|Win32
		{63025A08-B77A-4D88-AA1C-E046550B37F3}.Debug|Win32.Build.0 = Debug|Win32
		{63025A08-B77A-4D88-AA1C-E046550B37F3}.Release|Win32.ActiveCfg = Release|Win32
		{63025A08-B77A-4D88-AA1C-E046550B37F3}.Release|Win32.Build.0 = Release|Win32
		{A8FE51A0-501B-4D2C-8959-C941A2A9E2A2}.Debug|Win32.ActiveCfg = Debug|Win32
		{A8FE51A0-501B-4D2C-8959-C941A2A9E2A2}.Debug|Win32.Build.0 = Debug|Win32
		{A8FE51A0-501B-4D2C-8959-C941A2A9E2A2}.Release|Win32.ActiveCfg = Release|Win32
		{A8FE51A0-501B-4D2C-8959-C941A2A9E2A2}.Release|Win32.Build.0 = Release|Win32
		{7B71D22B-06D4-44B8-B8B8-959CE076CCBD}.Debug|Win32.ActiveCfg = Debug|Win32
		{7B71D22B-06D4-44B8-B8B8-959CE076CCBD}.Debug|Win32.Build.0 = Debug|Win32
		{7B71D22B-06D4-44B8-B8B8-959CE076CCBD}.Release|Win32.ActiveCfg = Release|Win32
		{7B71D22B-06D4-44B8-B8B8-959CE076CCBD}.Release|Win32.Build.0 = Release|Win32
		{2DD20E1C-C343-4C17-98BB-A2137A6DA107}.Debug|Win32.ActiveCfg = Debug|Win32
		{2DD20E1C-C343-4C17-98BB-A2137A6DA107}.Debug|Win32.Build.0 = Debug|Win32
		{2DD20E1C-C343-4C17-98BB-A2137A6DA107}.Release|Win32.ActiveCfg = Release|Win32
		{2DD20E1C-C343-4C17-98BB-A2137A6DA107}.Release|Win32.Build.0 = Release|Win32
	EndGlobalSection
	GlobalSection(SolutionProperties) = preSolution
		HideSolutionNode = FALSE
	EndGlobalSection
EndGlobal
