
Microsoft Visual Studio Solution File, Format Version 10.00
# Visual Studio 2008
Project("{8BC9CEB8-8B4A-11D0-8D11-00A0C91BC942}") = "io_test", "..\io_test\io_test.vcproj", "{D75E0BDE-724E-44A9-9585-2E8B38A55117}"
EndProject
Global
	GlobalSection(SolutionConfigurationPlatforms) = preSolution
		Debug|Win32 = Debug|Win32
		Release|Win32 = Release|Win32
	EndGlobalSection
	GlobalSection(ProjectConfigurationPlatforms) = postSolution
		{D75E0BDE-724E-44A9-9585-2E8B38A55117}.Debug|Win32.ActiveCfg = Debug|Win32
		{D75E0BDE-724E-44A9-9585-2E8B38A55117}.Debug|Win32.Build.0 = Debug|Win32
		{D75E0BDE-724E-44A9-9585-2E8B38A55117}.Release|Win32.ActiveCfg = Release|Win32
		{D75E0BDE-724E-44A9-9585-2E8B38A55117}.Release|Win32.Build.0 = Release|Win32
	EndGlobalSection
	GlobalSection(SolutionProperties) = preSolution
		HideSolutionNode = FALSE
	EndGlobalSection
EndGlobal
