
Microsoft Visual Studio Solution File, Format Version 10.00
# Visual Studio 2008
Project("{8BC9CEB8-8B4A-11D0-8D11-00A0C91BC942}") = "lib_standard", "C++_primer_3\C++_primer_3.vcproj", "{3AF8D8D4-03F1-4172-9A71-DEDE76808F41}"
EndProject
Project("{8BC9CEB8-8B4A-11D0-8D11-00A0C91BC942}") = "vector", "vector\vector.vcproj", "{0EDBED9B-DE34-4277-92AE-DCE9137FE6A2}"
EndProject
Global
	GlobalSection(SolutionConfigurationPlatforms) = preSolution
		Debug|Win32 = Debug|Win32
		Release|Win32 = Release|Win32
	EndGlobalSection
	GlobalSection(ProjectConfigurationPlatforms) = postSolution
		{3AF8D8D4-03F1-4172-9A71-DEDE76808F41}.Debug|Win32.ActiveCfg = Debug|Win32
		{3AF8D8D4-03F1-4172-9A71-DEDE76808F41}.Debug|Win32.Build.0 = Debug|Win32
		{3AF8D8D4-03F1-4172-9A71-DEDE76808F41}.Release|Win32.ActiveCfg = Release|Win32
		{3AF8D8D4-03F1-4172-9A71-DEDE76808F41}.Release|Win32.Build.0 = Release|Win32
		{0EDBED9B-DE34-4277-92AE-DCE9137FE6A2}.Debug|Win32.ActiveCfg = Debug|Win32
		{0EDBED9B-DE34-4277-92AE-DCE9137FE6A2}.Debug|Win32.Build.0 = Debug|Win32
		{0EDBED9B-DE34-4277-92AE-DCE9137FE6A2}.Release|Win32.ActiveCfg = Release|Win32
		{0EDBED9B-DE34-4277-92AE-DCE9137FE6A2}.Release|Win32.Build.0 = Release|Win32
	EndGlobalSection
	GlobalSection(SolutionProperties) = preSolution
		HideSolutionNode = FALSE
	EndGlobalSection
EndGlobal
