
Microsoft Visual Studio Solution File, Format Version 10.00
# Visual Studio 2008
Project("{8BC9CEB8-8B4A-11D0-8D11-00A0C91BC942}") = "definition_declaration", "definition_declaration\definition_declaration.vcproj", "{49EF966E-9EFF-45B8-8DE6-F72A55E4B8A4}"
EndProject
Global
	GlobalSection(SolutionConfigurationPlatforms) = preSolution
		Debug|Win32 = Debug|Win32
		Release|Win32 = Release|Win32
	EndGlobalSection
	GlobalSection(ProjectConfigurationPlatforms) = postSolution
		{49EF966E-9EFF-45B8-8DE6-F72A55E4B8A4}.Debug|Win32.ActiveCfg = Debug|Win32
		{49EF966E-9EFF-45B8-8DE6-F72A55E4B8A4}.Debug|Win32.Build.0 = Debug|Win32
		{49EF966E-9EFF-45B8-8DE6-F72A55E4B8A4}.Release|Win32.ActiveCfg = Release|Win32
		{49EF966E-9EFF-45B8-8DE6-F72A55E4B8A4}.Release|Win32.Build.0 = Release|Win32
	EndGlobalSection
	GlobalSection(SolutionProperties) = preSolution
		HideSolutionNode = FALSE
	EndGlobalSection
EndGlobal
