
Microsoft Visual Studio Solution File, Format Version 10.00
# Visual Studio 2008
Project("{8BC9CEB8-8B4A-11D0-8D11-00A0C91BC942}") = "2.1-2", "2.1-2\2.1-2.vcproj", "{991CA676-8D00-457B-BD6E-145338577096}"
EndProject
Global
	GlobalSection(SolutionConfigurationPlatforms) = preSolution
		Debug|Win32 = Debug|Win32
		Release|Win32 = Release|Win32
	EndGlobalSection
	GlobalSection(ProjectConfigurationPlatforms) = postSolution
		{991CA676-8D00-457B-BD6E-145338577096}.Debug|Win32.ActiveCfg = Debug|Win32
		{991CA676-8D00-457B-BD6E-145338577096}.Debug|Win32.Build.0 = Debug|Win32
		{991CA676-8D00-457B-BD6E-145338577096}.Release|Win32.ActiveCfg = Release|Win32
		{991CA676-8D00-457B-BD6E-145338577096}.Release|Win32.Build.0 = Release|Win32
	EndGlobalSection
	GlobalSection(SolutionProperties) = preSolution
		HideSolutionNode = FALSE
	EndGlobalSection
EndGlobal
