
Microsoft Visual Studio Solution File, Format Version 10.00
# Visual Studio 2008
Project("{8BC9CEB8-8B4A-11D0-8D11-00A0C91BC942}") = "string_stream_file", "string_stream_file\string_stream_file.vcproj", "{F95188BA-2600-432E-B4B8-43BE84C24D77}"
EndProject
Global
	GlobalSection(SolutionConfigurationPlatforms) = preSolution
		Debug|Win32 = Debug|Win32
		Release|Win32 = Release|Win32
	EndGlobalSection
	GlobalSection(ProjectConfigurationPlatforms) = postSolution
		{F95188BA-2600-432E-B4B8-43BE84C24D77}.Debug|Win32.ActiveCfg = Debug|Win32
		{F95188BA-2600-432E-B4B8-43BE84C24D77}.Debug|Win32.Build.0 = Debug|Win32
		{F95188BA-2600-432E-B4B8-43BE84C24D77}.Release|Win32.ActiveCfg = Release|Win32
		{F95188BA-2600-432E-B4B8-43BE84C24D77}.Release|Win32.Build.0 = Release|Win32
	EndGlobalSection
	GlobalSection(SolutionProperties) = preSolution
		HideSolutionNode = FALSE
	EndGlobalSection
EndGlobal
