
Microsoft Visual Studio Solution File, Format Version 10.00
# Visual Studio 2008
Project("{8BC9CEB8-8B4A-11D0-8D11-00A0C91BC942}") = "cExample", "cExample.vcproj", "{E58D89E5-E616-40FB-B322-2AEAB70B9535}"
EndProject
Global
	GlobalSection(SolutionConfigurationPlatforms) = preSolution
		Debug|Win32 = Debug|Win32
		Release|Win32 = Release|Win32
	EndGlobalSection
	GlobalSection(ProjectConfigurationPlatforms) = postSolution
		{E58D89E5-E616-40FB-B322-2AEAB70B9535}.Debug|Win32.ActiveCfg = Debug|Win32
		{E58D89E5-E616-40FB-B322-2AEAB70B9535}.Debug|Win32.Build.0 = Debug|Win32
		{E58D89E5-E616-40FB-B322-2AEAB70B9535}.Release|Win32.ActiveCfg = Release|Win32
		{E58D89E5-E616-40FB-B322-2AEAB70B9535}.Release|Win32.Build.0 = Release|Win32
	EndGlobalSection
	GlobalSection(SolutionProperties) = preSolution
		HideSolutionNode = FALSE
	EndGlobalSection
EndGlobal
