
Microsoft Visual Studio Solution File, Format Version 10.00
# Visual Studio 2008
Project("{8BC9CEB8-8B4A-11D0-8D11-00A0C91BC942}") = "EDRLIB", "EDRLIB\EDRLIB.vcproj", "{E661A68E-51DB-4BCE-8A25-1C29512FA417}"
EndProject
Project("{8BC9CEB8-8B4A-11D0-8D11-00A0C91BC942}") = "EDRTEST", "EDRTEST\EDRTEST.vcproj", "{E1B7CF7F-BAA7-4A96-A359-A9988FE166F0}"
	ProjectSection(ProjectDependencies) = postProject
		{E661A68E-51DB-4BCE-8A25-1C29512FA417} = {E661A68E-51DB-4BCE-8A25-1C29512FA417}
	EndProjectSection
EndProject
Global
	GlobalSection(SolutionConfigurationPlatforms) = preSolution
		Debug|Win32 = Debug|Win32
		Release|Win32 = Release|Win32
	EndGlobalSection
	GlobalSection(ProjectConfigurationPlatforms) = postSolution
		{E661A68E-51DB-4BCE-8A25-1C29512FA417}.Debug|Win32.ActiveCfg = Debug|Win32
		{E661A68E-51DB-4BCE-8A25-1C29512FA417}.Debug|Win32.Build.0 = Debug|Win32
		{E661A68E-51DB-4BCE-8A25-1C29512FA417}.Release|Win32.ActiveCfg = Release|Win32
		{E661A68E-51DB-4BCE-8A25-1C29512FA417}.Release|Win32.Build.0 = Release|Win32
		{E1B7CF7F-BAA7-4A96-A359-A9988FE166F0}.Debug|Win32.ActiveCfg = Debug|Win32
		{E1B7CF7F-BAA7-4A96-A359-A9988FE166F0}.Debug|Win32.Build.0 = Debug|Win32
		{E1B7CF7F-BAA7-4A96-A359-A9988FE166F0}.Release|Win32.ActiveCfg = Release|Win32
		{E1B7CF7F-BAA7-4A96-A359-A9988FE166F0}.Release|Win32.Build.0 = Release|Win32
	EndGlobalSection
	GlobalSection(SolutionProperties) = preSolution
		HideSolutionNode = FALSE
	EndGlobalSection
EndGlobal
