Microsoft Visual Studio Solution File, Format Version 8.00
Project("{8BC9CEB8-8B4A-11D0-8D11-00A0C91BC942}") = "TestDll", "TestDll\TestDll.vcproj", "{13BDC047-78C7-4C38-A19C-7299D2A1E07D}"
	ProjectSection(ProjectDependencies) = postProject
	EndProjectSection
EndProject
Project("{8BC9CEB8-8B4A-11D0-8D11-00A0C91BC942}") = "CUser", "..\CUser\CUser.vcproj", "{108E298F-2AEF-4A69-9FFC-BF2415EAA57C}"
	ProjectSection(ProjectDependencies) = postProject
	EndProjectSection
EndProject
Global
	GlobalSection(SolutionConfiguration) = preSolution
		Debug = Debug
		Release = Release
	EndGlobalSection
	GlobalSection(ProjectConfiguration) = postSolution
		{13BDC047-78C7-4C38-A19C-7299D2A1E07D}.Debug.ActiveCfg = Debug|Win32
		{13BDC047-78C7-4C38-A19C-7299D2A1E07D}.Debug.Build.0 = Debug|Win32
		{13BDC047-78C7-4C38-A19C-7299D2A1E07D}.Release.ActiveCfg = Release|Win32
		{13BDC047-78C7-4C38-A19C-7299D2A1E07D}.Release.Build.0 = Release|Win32
		{108E298F-2AEF-4A69-9FFC-BF2415EAA57C}.Debug.ActiveCfg = Debug|Win32
		{108E298F-2AEF-4A69-9FFC-BF2415EAA57C}.Debug.Build.0 = Debug|Win32
		{108E298F-2AEF-4A69-9FFC-BF2415EAA57C}.Release.ActiveCfg = Release|Win32
		{108E298F-2AEF-4A69-9FFC-BF2415EAA57C}.Release.Build.0 = Release|Win32
	EndGlobalSection
	GlobalSection(ExtensibilityGlobals) = postSolution
	EndGlobalSection
	GlobalSection(ExtensibilityAddIns) = postSolution
	EndGlobalSection
EndGlobal
