
Microsoft Visual Studio Solution File, Format Version 10.00
# Visual Studio 2008
Project("{8BC9CEB8-8B4A-11D0-8D11-00A0C91BC942}") = "memory_reference_assemble", "memory_reference_assemble\memory_reference_assemble.vcproj", "{D338E9A9-796B-4E76-819B-17AFA136B396}"
EndProject
Project("{8BC9CEB8-8B4A-11D0-8D11-00A0C91BC942}") = "2", "2\2.vcproj", "{BD23474E-BE31-4032-959E-10D60E65796F}"
EndProject
Project("{8BC9CEB8-8B4A-11D0-8D11-00A0C91BC942}") = "3", "3\3.vcproj", "{2AC201FD-A189-4379-9FF5-6DC4977186B2}"
EndProject
Project("{8BC9CEB8-8B4A-11D0-8D11-00A0C91BC942}") = "4", "4\4.vcproj", "{B2622EC6-11FC-43DA-861F-2263880982B2}"
EndProject
Project("{8BC9CEB8-8B4A-11D0-8D11-00A0C91BC942}") = "5", "5\5.vcproj", "{769F31F6-318A-44AE-A44E-5A820EFE769C}"
EndProject
Global
	GlobalSection(SolutionConfigurationPlatforms) = preSolution
		Debug|Win32 = Debug|Win32
		Release|Win32 = Release|Win32
	EndGlobalSection
	GlobalSection(ProjectConfigurationPlatforms) = postSolution
		{D338E9A9-796B-4E76-819B-17AFA136B396}.Debug|Win32.ActiveCfg = Debug|Win32
		{D338E9A9-796B-4E76-819B-17AFA136B396}.Debug|Win32.Build.0 = Debug|Win32
		{D338E9A9-796B-4E76-819B-17AFA136B396}.Release|Win32.ActiveCfg = Release|Win32
		{D338E9A9-796B-4E76-819B-17AFA136B396}.Release|Win32.Build.0 = Release|Win32
		{BD23474E-BE31-4032-959E-10D60E65796F}.Debug|Win32.ActiveCfg = Debug|Win32
		{BD23474E-BE31-4032-959E-10D60E65796F}.Debug|Win32.Build.0 = Debug|Win32
		{BD23474E-BE31-4032-959E-10D60E65796F}.Release|Win32.ActiveCfg = Release|Win32
		{BD23474E-BE31-4032-959E-10D60E65796F}.Release|Win32.Build.0 = Release|Win32
		{2AC201FD-A189-4379-9FF5-6DC4977186B2}.Debug|Win32.ActiveCfg = Debug|Win32
		{2AC201FD-A189-4379-9FF5-6DC4977186B2}.Debug|Win32.Build.0 = Debug|Win32
		{2AC201FD-A189-4379-9FF5-6DC4977186B2}.Release|Win32.ActiveCfg = Release|Win32
		{2AC201FD-A189-4379-9FF5-6DC4977186B2}.Release|Win32.Build.0 = Release|Win32
		{B2622EC6-11FC-43DA-861F-2263880982B2}.Debug|Win32.ActiveCfg = Debug|Win32
		{B2622EC6-11FC-43DA-861F-2263880982B2}.Debug|Win32.Build.0 = Debug|Win32
		{B2622EC6-11FC-43DA-861F-2263880982B2}.Release|Win32.ActiveCfg = Release|Win32
		{B2622EC6-11FC-43DA-861F-2263880982B2}.Release|Win32.Build.0 = Release|Win32
		{769F31F6-318A-44AE-A44E-5A820EFE769C}.Debug|Win32.ActiveCfg = Debug|Win32
		{769F31F6-318A-44AE-A44E-5A820EFE769C}.Debug|Win32.Build.0 = Debug|Win32
		{769F31F6-318A-44AE-A44E-5A820EFE769C}.Release|Win32.ActiveCfg = Release|Win32
		{769F31F6-318A-44AE-A44E-5A820EFE769C}.Release|Win32.Build.0 = Release|Win32
	EndGlobalSection
	GlobalSection(SolutionProperties) = preSolution
		HideSolutionNode = FALSE
	EndGlobalSection
EndGlobal
