
Microsoft Visual Studio Solution File, Format Version 10.00
# Visual Studio 2008
Project("{8BC9CEB8-8B4A-11D0-8D11-00A0C91BC942}") = "DebugMe", "DebugMe.vcproj", "{B6CAE62E-0116-4ED5-8C2C-C3F6C7D27CB7}"
EndProject
Global
	GlobalSection(SolutionConfigurationPlatforms) = preSolution
		Debug|Win32 = Debug|Win32
		Release|Win32 = Release|Win32
	EndGlobalSection
	GlobalSection(ProjectConfigurationPlatforms) = postSolution
		{B6CAE62E-0116-4ED5-8C2C-C3F6C7D27CB7}.Debug|Win32.ActiveCfg = Debug|Win32
		{B6CAE62E-0116-4ED5-8C2C-C3F6C7D27CB7}.Debug|Win32.Build.0 = Debug|Win32
		{B6CAE62E-0116-4ED5-8C2C-C3F6C7D27CB7}.Release|Win32.ActiveCfg = Release|Win32
		{B6CAE62E-0116-4ED5-8C2C-C3F6C7D27CB7}.Release|Win32.Build.0 = Release|Win32
	EndGlobalSection
	GlobalSection(SolutionProperties) = preSolution
		HideSolutionNode = FALSE
	EndGlobalSection
EndGlobal
